
Microsoft Visual Studio Solution File, Format Version 12.00
# Visual Studio Version 16
VisualStudioVersion = 16.0.28729.10
MinimumVisualStudioVersion = 10.0.40219.1
Project("{9A19103F-16F7-4668-BE54-9A1E7A4F7556}") = "FantasyCritic.Web", "FantasyCritic.Web\FantasyCritic.Web.csproj", "{26DE29E0-8384-4D25-B067-96D7E426C330}"
EndProject
Project("{9A19103F-16F7-4668-BE54-9A1E7A4F7556}") = "FantasyCritic.Lib", "FantasyCritic.Lib\FantasyCritic.Lib.csproj", "{9D5C8375-C1FD-4DED-9170-769E72440B09}"
EndProject
Project("{9A19103F-16F7-4668-BE54-9A1E7A4F7556}") = "FantasyCritic.MySQL", "FantasyCritic.MySQL\FantasyCritic.MySQL.csproj", "{F1723408-1D9C-4786-877E-A36904148BE8}"
EndProject
Project("{9A19103F-16F7-4668-BE54-9A1E7A4F7556}") = "FantasyCritic.SendGrid", "FantasyCritic.SendGrid\FantasyCritic.SendGrid.csproj", "{21EEA2EA-9E3C-4B37-A34A-718FF6B536C7}"
EndProject
Project("{9A19103F-16F7-4668-BE54-9A1E7A4F7556}") = "FantasyCritic.Test", "FantasyCritic.Test\FantasyCritic.Test.csproj", "{32D58B14-D35E-48F8-B6C3-4C7201A2853D}"
EndProject
Project("{9A19103F-16F7-4668-BE54-9A1E7A4F7556}") = "FantasyCritic.FakeRepo", "FantasyCritic.FakeRepo\FantasyCritic.FakeRepo.csproj", "{024EACD2-3B4D-4980-853D-84172900890D}"
EndProject
Project("{FAE04EC0-301F-11D3-BF4B-00C04F79EFBC}") = "FantasyCritic.RDS", "FantasyCritic.RDS\FantasyCritic.RDS.csproj", "{68E680BF-007D-4FCC-B570-E066F88CA74D}"
EndProject
Global
	GlobalSection(SolutionConfigurationPlatforms) = preSolution
		Debug|Any CPU = Debug|Any CPU
		Release|Any CPU = Release|Any CPU
	EndGlobalSection
	GlobalSection(ProjectConfigurationPlatforms) = postSolution
		{26DE29E0-8384-4D25-B067-96D7E426C330}.Debug|Any CPU.ActiveCfg = Debug|Any CPU
		{26DE29E0-8384-4D25-B067-96D7E426C330}.Debug|Any CPU.Build.0 = Debug|Any CPU
		{26DE29E0-8384-4D25-B067-96D7E426C330}.Release|Any CPU.ActiveCfg = Release|Any CPU
		{26DE29E0-8384-4D25-B067-96D7E426C330}.Release|Any CPU.Build.0 = Release|Any CPU
		{9D5C8375-C1FD-4DED-9170-769E72440B09}.Debug|Any CPU.ActiveCfg = Debug|Any CPU
		{9D5C8375-C1FD-4DED-9170-769E72440B09}.Debug|Any CPU.Build.0 = Debug|Any CPU
		{9D5C8375-C1FD-4DED-9170-769E72440B09}.Release|Any CPU.ActiveCfg = Release|Any CPU
		{9D5C8375-C1FD-4DED-9170-769E72440B09}.Release|Any CPU.Build.0 = Release|Any CPU
		{F1723408-1D9C-4786-877E-A36904148BE8}.Debug|Any CPU.ActiveCfg = Debug|Any CPU
		{F1723408-1D9C-4786-877E-A36904148BE8}.Debug|Any CPU.Build.0 = Debug|Any CPU
		{F1723408-1D9C-4786-877E-A36904148BE8}.Release|Any CPU.ActiveCfg = Release|Any CPU
		{F1723408-1D9C-4786-877E-A36904148BE8}.Release|Any CPU.Build.0 = Release|Any CPU
		{21EEA2EA-9E3C-4B37-A34A-718FF6B536C7}.Debug|Any CPU.ActiveCfg = Debug|Any CPU
		{21EEA2EA-9E3C-4B37-A34A-718FF6B536C7}.Debug|Any CPU.Build.0 = Debug|Any CPU
		{21EEA2EA-9E3C-4B37-A34A-718FF6B536C7}.Release|Any CPU.ActiveCfg = Release|Any CPU
		{21EEA2EA-9E3C-4B37-A34A-718FF6B536C7}.Release|Any CPU.Build.0 = Release|Any CPU
		{32D58B14-D35E-48F8-B6C3-4C7201A2853D}.Debug|Any CPU.ActiveCfg = Debug|Any CPU
		{32D58B14-D35E-48F8-B6C3-4C7201A2853D}.Debug|Any CPU.Build.0 = Debug|Any CPU
		{32D58B14-D35E-48F8-B6C3-4C7201A2853D}.Release|Any CPU.ActiveCfg = Release|Any CPU
		{32D58B14-D35E-48F8-B6C3-4C7201A2853D}.Release|Any CPU.Build.0 = Release|Any CPU
		{024EACD2-3B4D-4980-853D-84172900890D}.Debug|Any CPU.ActiveCfg = Debug|Any CPU
		{024EACD2-3B4D-4980-853D-84172900890D}.Debug|Any CPU.Build.0 = Debug|Any CPU
		{024EACD2-3B4D-4980-853D-84172900890D}.Release|Any CPU.ActiveCfg = Release|Any CPU
		{024EACD2-3B4D-4980-853D-84172900890D}.Release|Any CPU.Build.0 = Release|Any CPU
		{68E680BF-007D-4FCC-B570-E066F88CA74D}.Debug|Any CPU.ActiveCfg = Debug|Any CPU
		{68E680BF-007D-4FCC-B570-E066F88CA74D}.Debug|Any CPU.Build.0 = Debug|Any CPU
		{68E680BF-007D-4FCC-B570-E066F88CA74D}.Release|Any CPU.ActiveCfg = Release|Any CPU
		{68E680BF-007D-4FCC-B570-E066F88CA74D}.Release|Any CPU.Build.0 = Release|Any CPU
	EndGlobalSection
	GlobalSection(SolutionProperties) = preSolution
		HideSolutionNode = FALSE
	EndGlobalSection
	GlobalSection(ExtensibilityGlobals) = postSolution
		SolutionGuid = {8F64BB26-8BCD-4134-97A6-476E4E0C64ED}
	EndGlobalSection
EndGlobal
