
Microsoft Visual Studio Solution File, Format Version 12.00
# Visual Studio 15
VisualStudioVersion = 15.0.27004.2006
MinimumVisualStudioVersion = 10.0.40219.1
Project("{FAE04EC0-301F-11D3-BF4B-00C04F79EFBC}") = "FantasyCritic.Lib", "FantasyCritic.Lib\FantasyCritic.Lib.csproj", "{2427271C-FA4F-496F-9DA8-F81088565BAF}"
EndProject
Project("{FAE04EC0-301F-11D3-BF4B-00C04F79EFBC}") = "FantasyCritic.PGSQL", "FantasyCritic.PGSQL\FantasyCritic.PGSQL.csproj", "{AA5D1E9F-2BA1-4CC5-9AC6-2B3982717590}"
EndProject
Project("{FAE04EC0-301F-11D3-BF4B-00C04F79EFBC}") = "FantasyCritic.Web", "FantasyCritic.Web\FantasyCritic.Web.csproj", "{1196010C-273D-43BD-AEF8-1FD64913AB2F}"
EndProject
Global
	GlobalSection(SolutionConfigurationPlatforms) = preSolution
		Debug|Any CPU = Debug|Any CPU
		Release|Any CPU = Release|Any CPU
	EndGlobalSection
	GlobalSection(ProjectConfigurationPlatforms) = postSolution
		{2427271C-FA4F-496F-9DA8-F81088565BAF}.Debug|Any CPU.ActiveCfg = Debug|Any CPU
		{2427271C-FA4F-496F-9DA8-F81088565BAF}.Debug|Any CPU.Build.0 = Debug|Any CPU
		{2427271C-FA4F-496F-9DA8-F81088565BAF}.Release|Any CPU.ActiveCfg = Release|Any CPU
		{2427271C-FA4F-496F-9DA8-F81088565BAF}.Release|Any CPU.Build.0 = Release|Any CPU
		{AA5D1E9F-2BA1-4CC5-9AC6-2B3982717590}.Debug|Any CPU.ActiveCfg = Debug|Any CPU
		{AA5D1E9F-2BA1-4CC5-9AC6-2B3982717590}.Debug|Any CPU.Build.0 = Debug|Any CPU
		{AA5D1E9F-2BA1-4CC5-9AC6-2B3982717590}.Release|Any CPU.ActiveCfg = Release|Any CPU
		{AA5D1E9F-2BA1-4CC5-9AC6-2B3982717590}.Release|Any CPU.Build.0 = Release|Any CPU
		{1196010C-273D-43BD-AEF8-1FD64913AB2F}.Debug|Any CPU.ActiveCfg = Debug|Any CPU
		{1196010C-273D-43BD-AEF8-1FD64913AB2F}.Debug|Any CPU.Build.0 = Debug|Any CPU
		{1196010C-273D-43BD-AEF8-1FD64913AB2F}.Release|Any CPU.ActiveCfg = Release|Any CPU
		{1196010C-273D-43BD-AEF8-1FD64913AB2F}.Release|Any CPU.Build.0 = Release|Any CPU
	EndGlobalSection
	GlobalSection(SolutionProperties) = preSolution
		HideSolutionNode = FALSE
	EndGlobalSection
	GlobalSection(ExtensibilityGlobals) = postSolution
		SolutionGuid = {74C41815-C457-44A4-99A5-9B3DA91AE56A}
	EndGlobalSection
EndGlobal
