
Microsoft Visual Studio Solution File, Format Version 12.00
# Visual Studio Version 17
VisualStudioVersion = 17.0.32112.339
MinimumVisualStudioVersion = 10.0.40219.1
Project("{9A19103F-16F7-4668-BE54-9A1E7A4F7556}") = "FantasyCritic.Web", "FantasyCritic.Web\FantasyCritic.Web.csproj", "{D1A4B196-FA92-4822-8C25-07D53A2903EF}"
EndProject
Project("{9A19103F-16F7-4668-BE54-9A1E7A4F7556}") = "FantasyCritic.Lib", "FantasyCritic.Lib\FantasyCritic.Lib.csproj", "{25C24492-5096-4B3F-9E3C-531A7DD51602}"
EndProject
Project("{9A19103F-16F7-4668-BE54-9A1E7A4F7556}") = "FantasyCritic.FakeRepo", "FantasyCritic.FakeRepo\FantasyCritic.FakeRepo.csproj", "{7444D90A-040B-41F3-BFE3-CDA0E6F93047}"
EndProject
Project("{9A19103F-16F7-4668-BE54-9A1E7A4F7556}") = "FantasyCritic.MySQL", "FantasyCritic.MySQL\FantasyCritic.MySQL.csproj", "{2C9E61A1-F785-4245-82DA-CE695442F359}"
EndProject
Project("{9A19103F-16F7-4668-BE54-9A1E7A4F7556}") = "FantasyCritic.Test", "FantasyCritic.Test\FantasyCritic.Test.csproj", "{FD9CE006-F47D-4620-8DCF-A25032189044}"
EndProject
Project("{9A19103F-16F7-4668-BE54-9A1E7A4F7556}") = "FantasyCritic.Mailgun", "FantasyCritic.Mailgun\FantasyCritic.Mailgun.csproj", "{014CB984-41FE-4C2B-9B8F-2BE3945DD327}"
EndProject
Project("{9A19103F-16F7-4668-BE54-9A1E7A4F7556}") = "FantasyCritic.AWS", "FantasyCritic.AWS\FantasyCritic.AWS.csproj", "{77DA11E6-194B-42B9-A0BB-78B5755FD3B4}"
EndProject
Project("{9A19103F-16F7-4668-BE54-9A1E7A4F7556}") = "FantasyCritic.BetaSync", "FantasyCritic.BetaSync\FantasyCritic.BetaSync.csproj", "{9718DCF9-CB20-4917-BF8C-2242626696EC}"
EndProject
Project("{2150E333-8FDC-42A3-9474-1A3956D46DE8}") = "Solution Items", "Solution Items", "{A032410D-85DA-46DB-A149-18DFC4C6EC1F}"
	ProjectSection(SolutionItems) = preProject
		.editorconfig = .editorconfig
		global.json = global.json
	EndProjectSection
EndProject
Project("{9A19103F-16F7-4668-BE54-9A1E7A4F7556}") = "FantasyCritic.DBUtility", "FantasyCritic.DBUtility\FantasyCritic.DBUtility.csproj", "{C7AAA97D-179D-42CE-83E9-9C4900D21DDA}"
EndProject
Project("{9A19103F-16F7-4668-BE54-9A1E7A4F7556}") = "FantasyCritic.DiscordBot", "FantasyCritic.DiscordBot\FantasyCritic.DiscordBot.csproj", "{DEEB0D8E-2618-4061-BB82-A668D2E7A6A2}"
EndProject
Project("{9A19103F-16F7-4668-BE54-9A1E7A4F7556}") = "FantasyCritic.SharedSerialization", "FantasyCritic.SharedSerialization\FantasyCritic.SharedSerialization.csproj", "{447983E5-6E2A-4D7E-A24D-FAB8C5062B08}"
EndProject
Project("{9A19103F-16F7-4668-BE54-9A1E7A4F7556}") = "FantasyCritic.TestDataScrubber", "FantasyCritic.TestDataScrubber\FantasyCritic.TestDataScrubber.csproj", "{27144025-E73E-4010-BE53-FFBCC7AEDCAE}"
EndProject
Project("{2150E333-8FDC-42A3-9474-1A3956D46DE8}") = "Utilities", "Utilities", "{7BB80223-E4F3-4553-A18E-E066660AC525}"
EndProject
Project("{2150E333-8FDC-42A3-9474-1A3956D46DE8}") = "Tests", "Tests", "{4350DE84-14FB-4278-BDC1-2F803EE756DD}"
EndProject
Project("{2150E333-8FDC-42A3-9474-1A3956D46DE8}") = "ExternalServices", "ExternalServices", "{C91E705F-F0CD-4537-B670-5D2FC2613A74}"
EndProject
Project("{FAE04EC0-301F-11D3-BF4B-00C04F79EFBC}") = "FantasyCritic.Discord", "FantasyCritic.Discord\FantasyCritic.Discord.csproj", "{DC966801-D778-480B-92D4-CFBA19EA93A6}"
EndProject
Global
	GlobalSection(SolutionConfigurationPlatforms) = preSolution
		Debug|Any CPU = Debug|Any CPU
		Release|Any CPU = Release|Any CPU
	EndGlobalSection
	GlobalSection(ProjectConfigurationPlatforms) = postSolution
		{D1A4B196-FA92-4822-8C25-07D53A2903EF}.Debug|Any CPU.ActiveCfg = Debug|Any CPU
		{D1A4B196-FA92-4822-8C25-07D53A2903EF}.Debug|Any CPU.Build.0 = Debug|Any CPU
		{D1A4B196-FA92-4822-8C25-07D53A2903EF}.Release|Any CPU.ActiveCfg = Release|Any CPU
		{D1A4B196-FA92-4822-8C25-07D53A2903EF}.Release|Any CPU.Build.0 = Release|Any CPU
		{25C24492-5096-4B3F-9E3C-531A7DD51602}.Debug|Any CPU.ActiveCfg = Debug|Any CPU
		{25C24492-5096-4B3F-9E3C-531A7DD51602}.Debug|Any CPU.Build.0 = Debug|Any CPU
		{25C24492-5096-4B3F-9E3C-531A7DD51602}.Release|Any CPU.ActiveCfg = Release|Any CPU
		{25C24492-5096-4B3F-9E3C-531A7DD51602}.Release|Any CPU.Build.0 = Release|Any CPU
		{7444D90A-040B-41F3-BFE3-CDA0E6F93047}.Debug|Any CPU.ActiveCfg = Debug|Any CPU
		{7444D90A-040B-41F3-BFE3-CDA0E6F93047}.Debug|Any CPU.Build.0 = Debug|Any CPU
		{7444D90A-040B-41F3-BFE3-CDA0E6F93047}.Release|Any CPU.ActiveCfg = Release|Any CPU
		{7444D90A-040B-41F3-BFE3-CDA0E6F93047}.Release|Any CPU.Build.0 = Release|Any CPU
		{2C9E61A1-F785-4245-82DA-CE695442F359}.Debug|Any CPU.ActiveCfg = Debug|Any CPU
		{2C9E61A1-F785-4245-82DA-CE695442F359}.Debug|Any CPU.Build.0 = Debug|Any CPU
		{2C9E61A1-F785-4245-82DA-CE695442F359}.Release|Any CPU.ActiveCfg = Release|Any CPU
		{2C9E61A1-F785-4245-82DA-CE695442F359}.Release|Any CPU.Build.0 = Release|Any CPU
		{FD9CE006-F47D-4620-8DCF-A25032189044}.Debug|Any CPU.ActiveCfg = Debug|Any CPU
		{FD9CE006-F47D-4620-8DCF-A25032189044}.Debug|Any CPU.Build.0 = Debug|Any CPU
		{FD9CE006-F47D-4620-8DCF-A25032189044}.Release|Any CPU.ActiveCfg = Release|Any CPU
		{FD9CE006-F47D-4620-8DCF-A25032189044}.Release|Any CPU.Build.0 = Release|Any CPU
		{014CB984-41FE-4C2B-9B8F-2BE3945DD327}.Debug|Any CPU.ActiveCfg = Debug|Any CPU
		{014CB984-41FE-4C2B-9B8F-2BE3945DD327}.Debug|Any CPU.Build.0 = Debug|Any CPU
		{014CB984-41FE-4C2B-9B8F-2BE3945DD327}.Release|Any CPU.ActiveCfg = Release|Any CPU
		{014CB984-41FE-4C2B-9B8F-2BE3945DD327}.Release|Any CPU.Build.0 = Release|Any CPU
		{77DA11E6-194B-42B9-A0BB-78B5755FD3B4}.Debug|Any CPU.ActiveCfg = Debug|Any CPU
		{77DA11E6-194B-42B9-A0BB-78B5755FD3B4}.Debug|Any CPU.Build.0 = Debug|Any CPU
		{77DA11E6-194B-42B9-A0BB-78B5755FD3B4}.Release|Any CPU.ActiveCfg = Release|Any CPU
		{77DA11E6-194B-42B9-A0BB-78B5755FD3B4}.Release|Any CPU.Build.0 = Release|Any CPU
		{9718DCF9-CB20-4917-BF8C-2242626696EC}.Debug|Any CPU.ActiveCfg = Debug|Any CPU
		{9718DCF9-CB20-4917-BF8C-2242626696EC}.Debug|Any CPU.Build.0 = Debug|Any CPU
		{9718DCF9-CB20-4917-BF8C-2242626696EC}.Release|Any CPU.ActiveCfg = Release|Any CPU
		{9718DCF9-CB20-4917-BF8C-2242626696EC}.Release|Any CPU.Build.0 = Release|Any CPU
		{C7AAA97D-179D-42CE-83E9-9C4900D21DDA}.Debug|Any CPU.ActiveCfg = Debug|Any CPU
		{C7AAA97D-179D-42CE-83E9-9C4900D21DDA}.Debug|Any CPU.Build.0 = Debug|Any CPU
		{C7AAA97D-179D-42CE-83E9-9C4900D21DDA}.Release|Any CPU.ActiveCfg = Release|Any CPU
		{C7AAA97D-179D-42CE-83E9-9C4900D21DDA}.Release|Any CPU.Build.0 = Release|Any CPU
		{DEEB0D8E-2618-4061-BB82-A668D2E7A6A2}.Debug|Any CPU.ActiveCfg = Debug|Any CPU
		{DEEB0D8E-2618-4061-BB82-A668D2E7A6A2}.Debug|Any CPU.Build.0 = Debug|Any CPU
		{DEEB0D8E-2618-4061-BB82-A668D2E7A6A2}.Release|Any CPU.ActiveCfg = Release|Any CPU
		{DEEB0D8E-2618-4061-BB82-A668D2E7A6A2}.Release|Any CPU.Build.0 = Release|Any CPU
		{447983E5-6E2A-4D7E-A24D-FAB8C5062B08}.Debug|Any CPU.ActiveCfg = Debug|Any CPU
		{447983E5-6E2A-4D7E-A24D-FAB8C5062B08}.Debug|Any CPU.Build.0 = Debug|Any CPU
		{447983E5-6E2A-4D7E-A24D-FAB8C5062B08}.Release|Any CPU.ActiveCfg = Release|Any CPU
		{447983E5-6E2A-4D7E-A24D-FAB8C5062B08}.Release|Any CPU.Build.0 = Release|Any CPU
		{27144025-E73E-4010-BE53-FFBCC7AEDCAE}.Debug|Any CPU.ActiveCfg = Debug|Any CPU
		{27144025-E73E-4010-BE53-FFBCC7AEDCAE}.Debug|Any CPU.Build.0 = Debug|Any CPU
		{27144025-E73E-4010-BE53-FFBCC7AEDCAE}.Release|Any CPU.ActiveCfg = Release|Any CPU
		{27144025-E73E-4010-BE53-FFBCC7AEDCAE}.Release|Any CPU.Build.0 = Release|Any CPU
		{DC966801-D778-480B-92D4-CFBA19EA93A6}.Debug|Any CPU.ActiveCfg = Debug|Any CPU
		{DC966801-D778-480B-92D4-CFBA19EA93A6}.Debug|Any CPU.Build.0 = Debug|Any CPU
		{DC966801-D778-480B-92D4-CFBA19EA93A6}.Release|Any CPU.ActiveCfg = Release|Any CPU
		{DC966801-D778-480B-92D4-CFBA19EA93A6}.Release|Any CPU.Build.0 = Release|Any CPU
	EndGlobalSection
	GlobalSection(SolutionProperties) = preSolution
		HideSolutionNode = FALSE
	EndGlobalSection
	GlobalSection(NestedProjects) = preSolution
		{7444D90A-040B-41F3-BFE3-CDA0E6F93047} = {4350DE84-14FB-4278-BDC1-2F803EE756DD}
		{FD9CE006-F47D-4620-8DCF-A25032189044} = {4350DE84-14FB-4278-BDC1-2F803EE756DD}
		{014CB984-41FE-4C2B-9B8F-2BE3945DD327} = {C91E705F-F0CD-4537-B670-5D2FC2613A74}
		{77DA11E6-194B-42B9-A0BB-78B5755FD3B4} = {C91E705F-F0CD-4537-B670-5D2FC2613A74}
		{9718DCF9-CB20-4917-BF8C-2242626696EC} = {7BB80223-E4F3-4553-A18E-E066660AC525}
		{C7AAA97D-179D-42CE-83E9-9C4900D21DDA} = {7BB80223-E4F3-4553-A18E-E066660AC525}
		{27144025-E73E-4010-BE53-FFBCC7AEDCAE} = {7BB80223-E4F3-4553-A18E-E066660AC525}
	EndGlobalSection
	GlobalSection(ExtensibilityGlobals) = postSolution
		SolutionGuid = {FEBD4BD6-299C-48F2-8D24-13F9B53219E2}
	EndGlobalSection
EndGlobal
